// !$*UTF8*$!
{
	archiveVersion = 1;
	classes = {
	};
	objectVersion = 46;
	objects = {

/* Begin PBXBuildFile section */
		8B8DA99116073768002E54CD /* FPInstagramAuthDialog.m in Sources */ = {isa = PBXBuildFile; fileRef = 8B8DA99016073768002E54CD /* FPInstagramAuthDialog.m */; };
		8B8DA99716073961002E54CD /* FPInstagramSession.m in Sources */ = {isa = PBXBuildFile; fileRef = 8B8DA99616073961002E54CD /* FPInstagramSession.m */; };
		8B8DA9A416075269002E54CD /* FPInstagramRequest.m in Sources */ = {isa = PBXBuildFile; fileRef = 8B8DA9A316075269002E54CD /* FPInstagramRequest.m */; };
		8B8DA9A716086A81002E54CD /* FPInstagramAuthController.m in Sources */ = {isa = PBXBuildFile; fileRef = 8B8DA9A616086A81002E54CD /* FPInstagramAuthController.m */; };
		8BC5AB2B1607173900675FDA /* Foundation.framework in Frameworks */ = {isa = PBXBuildFile; fileRef = 8BC5AB2A1607173900675FDA /* Foundation.framework */; };
		8BC5AB301607173900675FDA /* FPInstagram.h in CopyFiles */ = {isa = PBXBuildFile; fileRef = 8BC5AB2F1607173900675FDA /* FPInstagram.h */; };
/* End PBXBuildFile section */

/* Begin PBXCopyFilesBuildPhase section */
		8BC5AB251607173900675FDA /* CopyFiles */ = {
			isa = PBXCopyFilesBuildPhase;
			buildActionMask = 2147483647;
			dstPath = "include/${PRODUCT_NAME}";
			dstSubfolderSpec = 16;
			files = (
				8BC5AB301607173900675FDA /* FPInstagram.h in CopyFiles */,
			);
			runOnlyForDeploymentPostprocessing = 0;
		};
/* End PBXCopyFilesBuildPhase section */

/* Begin PBXFileReference section */
		8B8DA98F16073768002E54CD /* FPInstagramAuthDialog.h */ = {isa = PBXFileReference; fileEncoding = 4; lastKnownFileType = sourcecode.c.h; path = FPInstagramAuthDialog.h; sourceTree = "<group>"; };
		8B8DA99016073768002E54CD /* FPInstagramAuthDialog.m */ = {isa = PBXFileReference; fileEncoding = 4; lastKnownFileType = sourcecode.c.objc; path = FPInstagramAuthDialog.m; sourceTree = "<group>"; };
		8B8DA99516073961002E54CD /* FPInstagramSession.h */ = {isa = PBXFileReference; fileEncoding = 4; lastKnownFileType = sourcecode.c.h; path = FPInstagramSession.h; sourceTree = "<group>"; };
		8B8DA99616073961002E54CD /* FPInstagramSession.m */ = {isa = PBXFileReference; fileEncoding = 4; lastKnownFileType = sourcecode.c.objc; path = FPInstagramSession.m; sourceTree = "<group>"; };
		8B8DA9A216075269002E54CD /* FPInstagramRequest.h */ = {isa = PBXFileReference; fileEncoding = 4; lastKnownFileType = sourcecode.c.h; path = FPInstagramRequest.h; sourceTree = "<group>"; };
		8B8DA9A316075269002E54CD /* FPInstagramRequest.m */ = {isa = PBXFileReference; fileEncoding = 4; lastKnownFileType = sourcecode.c.objc; path = FPInstagramRequest.m; sourceTree = "<group>"; };
		8B8DA9A516086A81002E54CD /* FPInstagramAuthController.h */ = {isa = PBXFileReference; fileEncoding = 4; lastKnownFileType = sourcecode.c.h; path = FPInstagramAuthController.h; sourceTree = "<group>"; };
		8B8DA9A616086A81002E54CD /* FPInstagramAuthController.m */ = {isa = PBXFileReference; fileEncoding = 4; lastKnownFileType = sourcecode.c.objc; path = FPInstagramAuthController.m; sourceTree = "<group>"; };
		8BC5AB271607173900675FDA /* libFPInstagram.a */ = {isa = PBXFileReference; explicitFileType = archive.ar; includeInIndex = 0; path = libFPInstagram.a; sourceTree = BUILT_PRODUCTS_DIR; };
		8BC5AB2A1607173900675FDA /* Foundation.framework */ = {isa = PBXFileReference; lastKnownFileType = wrapper.framework; name = Foundation.framework; path = System/Library/Frameworks/Foundation.framework; sourceTree = SDKROOT; };
		8BC5AB2E1607173900675FDA /* Prefix.pch */ = {isa = PBXFileReference; lastKnownFileType = sourcecode.c.h; name = Prefix.pch; path = "/Users/developer/Projects/fpinstagram-ios-sdk/src/Prefix.pch"; sourceTree = "<absolute>"; };
		8BC5AB2F1607173900675FDA /* FPInstagram.h */ = {isa = PBXFileReference; lastKnownFileType = sourcecode.c.h; path = FPInstagram.h; sourceTree = "<group>"; };
/* End PBXFileReference section */

/* Begin PBXFrameworksBuildPhase section */
		8BC5AB241607173900675FDA /* Frameworks */ = {
			isa = PBXFrameworksBuildPhase;
			buildActionMask = 2147483647;
			files = (
				8BC5AB2B1607173900675FDA /* Foundation.framework in Frameworks */,
			);
			runOnlyForDeploymentPostprocessing = 0;
		};
/* End PBXFrameworksBuildPhase section */

/* Begin PBXGroup section */
		8BC5AB1C1607173900675FDA = {
			isa = PBXGroup;
			children = (
				8BC5AB2C1607173900675FDA /* FPInstagram */,
				8BC5AB291607173900675FDA /* Frameworks */,
				8BC5AB281607173900675FDA /* Products */,
			);
			sourceTree = "<group>";
		};
		8BC5AB281607173900675FDA /* Products */ = {
			isa = PBXGroup;
			children = (
				8BC5AB271607173900675FDA /* libFPInstagram.a */,
			);
			name = Products;
			sourceTree = "<group>";
		};
		8BC5AB291607173900675FDA /* Frameworks */ = {
			isa = PBXGroup;
			children = (
				8BC5AB2A1607173900675FDA /* Foundation.framework */,
			);
			name = Frameworks;
			sourceTree = "<group>";
		};
		8BC5AB2C1607173900675FDA /* FPInstagram */ = {
			isa = PBXGroup;
			children = (
				8BC5AB2F1607173900675FDA /* FPInstagram.h */,
				8B8DA99516073961002E54CD /* FPInstagramSession.h */,
				8B8DA99616073961002E54CD /* FPInstagramSession.m */,
				8B8DA98F16073768002E54CD /* FPInstagramAuthDialog.h */,
				8B8DA99016073768002E54CD /* FPInstagramAuthDialog.m */,
				8B8DA9A216075269002E54CD /* FPInstagramRequest.h */,
				8B8DA9A316075269002E54CD /* FPInstagramRequest.m */,
				8B8DA9A516086A81002E54CD /* FPInstagramAuthController.h */,
				8B8DA9A616086A81002E54CD /* FPInstagramAuthController.m */,
				8BC5AB2D1607173900675FDA /* Supporting Files */,
			);
			name = FPInstagram;
			sourceTree = SOURCE_ROOT;
		};
		8BC5AB2D1607173900675FDA /* Supporting Files */ = {
			isa = PBXGroup;
			children = (
				8BC5AB2E1607173900675FDA /* Prefix.pch */,
			);
			name = "Supporting Files";
			sourceTree = "<group>";
		};
/* End PBXGroup section */

/* Begin PBXNativeTarget section */
		8BC5AB261607173900675FDA /* FPInstagram */ = {
			isa = PBXNativeTarget;
			buildConfigurationList = 8BC5AB351607173900675FDA /* Build configuration list for PBXNativeTarget "FPInstagram" */;
			buildPhases = (
				8BC5AB231607173900675FDA /* Sources */,
				8BC5AB241607173900675FDA /* Frameworks */,
				8BC5AB251607173900675FDA /* CopyFiles */,
			);
			buildRules = (
			);
			dependencies = (
			);
			name = FPInstagram;
			productName = FPInstagram;
			productReference = 8BC5AB271607173900675FDA /* libFPInstagram.a */;
			productType = "com.apple.product-type.library.static";
		};
/* End PBXNativeTarget section */

/* Begin PBXProject section */
		8BC5AB1E1607173900675FDA /* Project object */ = {
			isa = PBXProject;
			attributes = {
				LastUpgradeCheck = 0440;
				ORGANIZATIONNAME = "First Project";
			};
			buildConfigurationList = 8BC5AB211607173900675FDA /* Build configuration list for PBXProject "FPInstagram" */;
			compatibilityVersion = "Xcode 3.2";
			developmentRegion = English;
			hasScannedForEncodings = 0;
			knownRegions = (
				en,
			);
			mainGroup = 8BC5AB1C1607173900675FDA;
			productRefGroup = 8BC5AB281607173900675FDA /* Products */;
			projectDirPath = "";
			projectRoot = "";
			targets = (
				8BC5AB261607173900675FDA /* FPInstagram */,
			);
		};
/* End PBXProject section */

/* Begin PBXSourcesBuildPhase section */
		8BC5AB231607173900675FDA /* Sources */ = {
			isa = PBXSourcesBuildPhase;
			buildActionMask = 2147483647;
			files = (
				8B8DA99116073768002E54CD /* FPInstagramAuthDialog.m in Sources */,
				8B8DA99716073961002E54CD /* FPInstagramSession.m in Sources */,
				8B8DA9A416075269002E54CD /* FPInstagramRequest.m in Sources */,
				8B8DA9A716086A81002E54CD /* FPInstagramAuthController.m in Sources */,
			);
			runOnlyForDeploymentPostprocessing = 0;
		};
/* End PBXSourcesBuildPhase section */

/* Begin XCBuildConfiguration section */
		8BC5AB331607173900675FDA /* Debug */ = {
			isa = XCBuildConfiguration;
			buildSettings = {
				ALWAYS_SEARCH_USER_PATHS = NO;
				ARCHS = "$(ARCHS_STANDARD_32_BIT)";
				CLANG_CXX_LANGUAGE_STANDARD = "gnu++0x";
				CLANG_WARN__DUPLICATE_METHOD_MATCH = YES;
				COPY_PHASE_STRIP = NO;
				GCC_C_LANGUAGE_STANDARD = gnu99;
				GCC_DYNAMIC_NO_PIC = NO;
				GCC_OPTIMIZATION_LEVEL = 0;
				GCC_PREPROCESSOR_DEFINITIONS = (
					"DEBUG=1",
					"$(inherited)",
				);
				GCC_SYMBOLS_PRIVATE_EXTERN = NO;
				GCC_VERSION = com.apple.compilers.llvm.clang.1_0;
				GCC_WARN_ABOUT_RETURN_TYPE = YES;
				GCC_WARN_UNINITIALIZED_AUTOS = YES;
				GCC_WARN_UNUSED_VARIABLE = YES;
				IPHONEOS_DEPLOYMENT_TARGET = 5.0;
				SDKROOT = iphoneos;
			};
			name = Debug;
		};
		8BC5AB341607173900675FDA /* Release */ = {
			isa = XCBuildConfiguration;
			buildSettings = {
				ALWAYS_SEARCH_USER_PATHS = NO;
				ARCHS = "$(ARCHS_STANDARD_32_BIT)";
				CLANG_CXX_LANGUAGE_STANDARD = "gnu++0x";
				CLANG_WARN__DUPLICATE_METHOD_MATCH = YES;
				COPY_PHASE_STRIP = YES;
				GCC_C_LANGUAGE_STANDARD = gnu99;
				GCC_VERSION = com.apple.compilers.llvm.clang.1_0;
				GCC_WARN_ABOUT_RETURN_TYPE = YES;
				GCC_WARN_UNINITIALIZED_AUTOS = YES;
				GCC_WARN_UNUSED_VARIABLE = YES;
				IPHONEOS_DEPLOYMENT_TARGET = 5.0;
				SDKROOT = iphoneos;
				VALIDATE_PRODUCT = YES;
			};
			name = Release;
		};
		8BC5AB361607173900675FDA /* Debug */ = {
			isa = XCBuildConfiguration;
			buildSettings = {
				CLANG_ENABLE_OBJC_ARC = YES;
				DSTROOT = /tmp/FPInstagram.dst;
				GCC_PRECOMPILE_PREFIX_HEADER = YES;
				GCC_PREFIX_HEADER = Prefix.pch;
				OTHER_LDFLAGS = "-ObjC";
				PRODUCT_NAME = "$(TARGET_NAME)";
				SKIP_INSTALL = YES;
			};
			name = Debug;
		};
		8BC5AB371607173900675FDA /* Release */ = {
			isa = XCBuildConfiguration;
			buildSettings = {
				CLANG_ENABLE_OBJC_ARC = YES;
				DSTROOT = /tmp/FPInstagram.dst;
				GCC_PRECOMPILE_PREFIX_HEADER = YES;
				GCC_PREFIX_HEADER = Prefix.pch;
				OTHER_LDFLAGS = "-ObjC";
				PRODUCT_NAME = "$(TARGET_NAME)";
				SKIP_INSTALL = YES;
			};
			name = Release;
		};
/* End XCBuildConfiguration section */

/* Begin XCConfigurationList section */
		8BC5AB211607173900675FDA /* Build configuration list for PBXProject "FPInstagram" */ = {
			isa = XCConfigurationList;
			buildConfigurations = (
				8BC5AB331607173900675FDA /* Debug */,
				8BC5AB341607173900675FDA /* Release */,
			);
			defaultConfigurationIsVisible = 0;
			defaultConfigurationName = Release;
		};
		8BC5AB351607173900675FDA /* Build configuration list for PBXNativeTarget "FPInstagram" */ = {
			isa = XCConfigurationList;
			buildConfigurations = (
				8BC5AB361607173900675FDA /* Debug */,
				8BC5AB371607173900675FDA /* Release */,
			);
			defaultConfigurationIsVisible = 0;
			defaultConfigurationName = Release;
		};
/* End XCConfigurationList section */
	};
	rootObject = 8BC5AB1E1607173900675FDA /* Project object */;
}
